
Microsoft Visual Studio Solution File, Format Version 12.00
# Visual Studio Version 17
VisualStudioVersion = 17.10.34928.147
MinimumVisualStudioVersion = 10.0.40219.1
Project("{FAE04EC0-301F-11D3-BF4B-00C04F79EFBC}") = "NetworkPlayServer", "NetworkPlayServer\NetworkPlayServer.csproj", "{62911DAC-C133-40B4-8A67-5F9E35432373}"
EndProject
Global
	GlobalSection(SolutionConfigurationPlatforms) = preSolution
		Debug|Any CPU = Debug|Any CPU
		Release|Any CPU = Release|Any CPU
	EndGlobalSection
	GlobalSection(ProjectConfigurationPlatforms) = postSolution
		{62911DAC-C133-40B4-8A67-5F9E35432373}.Debug|Any CPU.ActiveCfg = Debug|Any CPU
		{62911DAC-C133-40B4-8A67-5F9E35432373}.Debug|Any CPU.Build.0 = Debug|Any CPU
		{62911DAC-C133-40B4-8A67-5F9E35432373}.Release|Any CPU.ActiveCfg = Release|Any CPU
		{62911DAC-C133-40B4-8A67-5F9E35432373}.Release|Any CPU.Build.0 = Release|Any CPU
	EndGlobalSection
	GlobalSection(SolutionProperties) = preSolution
		HideSolutionNode = FALSE
	EndGlobalSection
	GlobalSection(ExtensibilityGlobals) = postSolution
		SolutionGuid = {6BBAEA4C-57B8-4F0A-AF5D-6BF0BB967589}
	EndGlobalSection
EndGlobal
